
Microsoft Visual Studio Solution File, Format Version 12.00
# Visual Studio Version 17
VisualStudioVersion = 17.14.36603.0
MinimumVisualStudioVersion = 10.0.40219.1
Project("{2150E333-8FDC-42A3-9474-1A3956D46DE8}") = "Test", "Test", "{02EA681E-C7D8-13C7-8484-4AC65E1B71E8}"
EndProject
Project("{2150E333-8FDC-42A3-9474-1A3956D46DE8}") = "BackEnd", "BackEnd", "{A6BCC4DB-A496-4F3B-BA68-363BEF6A98CD}"
EndProject
Project("{2150E333-8FDC-42A3-9474-1A3956D46DE8}") = "Web", "Web", "{A2E06656-37B6-47FC-A738-0347FF8968B5}"
EndProject
Project("{FAE04EC0-301F-11D3-BF4B-00C04F79EFBC}") = "DentalStudioScheduler", "BackEnd\DentalStudioScheduler\DentalStudioScheduler.csproj", "{108A9174-37F3-FD4B-E2EF-CA78C80A96A7}"
EndProject
Project("{FAE04EC0-301F-11D3-BF4B-00C04F79EFBC}") = "DentalStudioScheduler.Data", "BackEnd\DentalStudioScheduler.Data\DentalStudioScheduler.Data.csproj", "{B8FE35B3-CEB5-9362-093B-8AFAF5A33A0B}"
EndProject
Project("{FAE04EC0-301F-11D3-BF4B-00C04F79EFBC}") = "DentalStudioScheduler.Context", "BackEnd\DentalStudioScheduler.Contetx\DentalStudioScheduler.Context.csproj", "{E2FBBA9B-D5F4-5672-1FC7-CDC78F6FF029}"
EndProject
Project("{FAE04EC0-301F-11D3-BF4B-00C04F79EFBC}") = "DentalStudioScheduler.Services", "BackEnd\DentalStudioScheduler.Services\DentalStudioScheduler.Services.csproj", "{87B366F7-4728-97C2-85DD-A5CC881E677B}"
EndProject
Project("{2150E333-8FDC-42A3-9474-1A3956D46DE8}") = "Solution Items", "Solution Items", "{8EC462FD-D22E-90A8-E5CE-7E832BA40C5D}"
	ProjectSection(SolutionItems) = preProject
		README.md = README.md
	EndProjectSection
EndProject
Global
	GlobalSection(SolutionConfigurationPlatforms) = preSolution
		Debug|Any CPU = Debug|Any CPU
		Release|Any CPU = Release|Any CPU
	EndGlobalSection
	GlobalSection(ProjectConfigurationPlatforms) = postSolution
		{108A9174-37F3-FD4B-E2EF-CA78C80A96A7}.Debug|Any CPU.ActiveCfg = Debug|Any CPU
		{108A9174-37F3-FD4B-E2EF-CA78C80A96A7}.Debug|Any CPU.Build.0 = Debug|Any CPU
		{108A9174-37F3-FD4B-E2EF-CA78C80A96A7}.Release|Any CPU.ActiveCfg = Release|Any CPU
		{108A9174-37F3-FD4B-E2EF-CA78C80A96A7}.Release|Any CPU.Build.0 = Release|Any CPU
		{B8FE35B3-CEB5-9362-093B-8AFAF5A33A0B}.Debug|Any CPU.ActiveCfg = Debug|Any CPU
		{B8FE35B3-CEB5-9362-093B-8AFAF5A33A0B}.Debug|Any CPU.Build.0 = Debug|Any CPU
		{B8FE35B3-CEB5-9362-093B-8AFAF5A33A0B}.Release|Any CPU.ActiveCfg = Release|Any CPU
		{B8FE35B3-CEB5-9362-093B-8AFAF5A33A0B}.Release|Any CPU.Build.0 = Release|Any CPU
		{E2FBBA9B-D5F4-5672-1FC7-CDC78F6FF029}.Debug|Any CPU.ActiveCfg = Debug|Any CPU
		{E2FBBA9B-D5F4-5672-1FC7-CDC78F6FF029}.Debug|Any CPU.Build.0 = Debug|Any CPU
		{E2FBBA9B-D5F4-5672-1FC7-CDC78F6FF029}.Release|Any CPU.ActiveCfg = Release|Any CPU
		{E2FBBA9B-D5F4-5672-1FC7-CDC78F6FF029}.Release|Any CPU.Build.0 = Release|Any CPU
		{87B366F7-4728-97C2-85DD-A5CC881E677B}.Debug|Any CPU.ActiveCfg = Debug|Any CPU
		{87B366F7-4728-97C2-85DD-A5CC881E677B}.Debug|Any CPU.Build.0 = Debug|Any CPU
		{87B366F7-4728-97C2-85DD-A5CC881E677B}.Release|Any CPU.ActiveCfg = Release|Any CPU
		{87B366F7-4728-97C2-85DD-A5CC881E677B}.Release|Any CPU.Build.0 = Release|Any CPU
	EndGlobalSection
	GlobalSection(SolutionProperties) = preSolution
		HideSolutionNode = FALSE
	EndGlobalSection
	GlobalSection(NestedProjects) = preSolution
		{108A9174-37F3-FD4B-E2EF-CA78C80A96A7} = {A6BCC4DB-A496-4F3B-BA68-363BEF6A98CD}
		{B8FE35B3-CEB5-9362-093B-8AFAF5A33A0B} = {A6BCC4DB-A496-4F3B-BA68-363BEF6A98CD}
		{E2FBBA9B-D5F4-5672-1FC7-CDC78F6FF029} = {A6BCC4DB-A496-4F3B-BA68-363BEF6A98CD}
		{87B366F7-4728-97C2-85DD-A5CC881E677B} = {A6BCC4DB-A496-4F3B-BA68-363BEF6A98CD}
	EndGlobalSection
	GlobalSection(ExtensibilityGlobals) = postSolution
		SolutionGuid = {9EC173AD-57F1-4457-85C2-2E867F7B64EB}
	EndGlobalSection
EndGlobal
